---
  - set_fact:
      cluster: "{{ a_cluster }}"

  - name: Check that the cluster.status.lock  file exists
    stat:
     path: "{{ config_base | expanduser }}/{{ cluster.name }}/cluster.status.lock"
    register: cluster_status_lock_file

  - name: Fail when cluster.status.lock file exists
    fail:
      msg: >-
        Spinning up  {{ cluster.name }} cluster has been canceled due to its already completed.
    when:  cluster_status_lock_file.stat.exists == True
